<?xml version="1.0" encoding="utf-8"?>
<Project ToolsVersion="4.0" xmlns="http://schemas.microsoft.com/developer/msbuild/2003">
  <ItemGroup>
    <Filter Include="Source Files">
      <UniqueIdentifier>{a6f081ff-2c2d-409e-ae93-21e96d879d64}</UniqueIdentifier>
      <Extensions>cpp;c;cxx;rc;def;r;odl;idl;hpj;bat</Extensions>
    </Filter>
    <Filter Include="Header Files">
      <UniqueIdentifier>{76e855b8-a4f2-4137-91e6-e77dc8c64346}</UniqueIdentifier>
      <Extensions>h;hpp;hxx;hm;inl</Extensions>
    </Filter>
    <Filter Include="D3DCommon">
      <UniqueIdentifier>{0f42dbfd-918a-44bb-ab8a-8df4351e7d45}</UniqueIdentifier>
    </Filter>
    <Filter Include="Resource Files">
      <UniqueIdentifier>{4e3fc167-b48a-4a3e-8520-0041af38cb67}</UniqueIdentifier>
    </Filter>
  </ItemGroup>
  <ItemGroup>
    <ClCompile Include="RegHandler.cpp">
      <Filter>Source Files</Filter>
    </ClCompile>
    <ClCompile Include="StdAfx.cpp">
      <Filter>Source Files</Filter>
    </ClCompile>
    <ClCompile Include="WHDefProcess.cpp">
      <Filter>Source Files</Filter>
    </ClCompile>
    <ClCompile Include="WHDXGraphic.cpp">
      <Filter>Source Files</Filter>
    </ClCompile>
    <ClCompile Include="WHImage.cpp">
      <Filter>Source Files</Filter>
    </ClCompile>
    <ClCompile Include="WHSurface.cpp">
      <Filter>Source Files</Filter>
    </ClCompile>
    <ClCompile Include="WHWilImage.cpp">
      <Filter>Source Files</Filter>
    </ClCompile>
    <ClCompile Include="WHWilTexture.cpp">
      <Filter>Source Files</Filter>
    </ClCompile>
    <ClCompile Include="WHWindow.cpp">
      <Filter>Source Files</Filter>
    </ClCompile>
    <ClCompile Include="D3DCommon\d3dmath.cpp">
      <Filter>D3DCommon</Filter>
    </ClCompile>
    <ClCompile Include="D3DCommon\d3dtextr.cpp">
      <Filter>D3DCommon</Filter>
    </ClCompile>
    <ClCompile Include="D3DCommon\d3dutil.cpp">
      <Filter>D3DCommon</Filter>
    </ClCompile>
    <ClCompile Include="D3DCommon\ddutil.cpp">
      <Filter>D3DCommon</Filter>
    </ClCompile>
  </ItemGroup>
  <ItemGroup>
    <ClInclude Include="RegHandler.h">
      <Filter>Header Files</Filter>
    </ClInclude>
    <ClInclude Include="StdAfx.h">
      <Filter>Header Files</Filter>
    </ClInclude>
    <ClInclude Include="WHDefProcess.h">
      <Filter>Header Files</Filter>
    </ClInclude>
    <ClInclude Include="WHDXGraphic.h">
      <Filter>Header Files</Filter>
    </ClInclude>
    <ClInclude Include="WHEngine.h">
      <Filter>Header Files</Filter>
    </ClInclude>
    <ClInclude Include="WHImage.h">
      <Filter>Header Files</Filter>
    </ClInclude>
    <ClInclude Include="WHSurface.h">
      <Filter>Header Files</Filter>
    </ClInclude>
    <ClInclude Include="WHWilImage.h">
      <Filter>Header Files</Filter>
    </ClInclude>
    <ClInclude Include="WHWilTexture.h">
      <Filter>Header Files</Filter>
    </ClInclude>
    <ClInclude Include="WHWindow.h">
      <Filter>Header Files</Filter>
    </ClInclude>
    <ClInclude Include="D3DCommon\d3dmath.h">
      <Filter>D3DCommon</Filter>
    </ClInclude>
    <ClInclude Include="D3DCommon\d3dtextr.h">
      <Filter>D3DCommon</Filter>
    </ClInclude>
    <ClInclude Include="D3DCommon\d3dutil.h">
      <Filter>D3DCommon</Filter>
    </ClInclude>
    <ClInclude Include="D3DCommon\ddutil.h">
      <Filter>D3DCommon</Filter>
    </ClInclude>
  </ItemGroup>
  <ItemGroup>
    <None Include="Readme.txt" />
  </ItemGroup>
</Project>