
Microsoft Visual Studio Solution File, Format Version 11.00
# Visual Studio 2010
Project("{8BC9CEB8-8B4A-11D0-8D11-00A0C91BC942}") = "WindHorn", "WindHorn\WindHorn.vcxproj", "{BD3D7EB0-D1D3-96B5-DEDF-7C5F787F9086}"
EndProject
Project("{8BC9CEB8-8B4A-11D0-8D11-00A0C91BC942}") = "Mir2Ex", "Mir3EIClient\Mir2Ex.vcxproj", "{6E1EC221-EC87-C762-E6B1-12E59A9B88F3}"
	ProjectSection(ProjectDependencies) = postProject
		{BD3D7EB0-D1D3-96B5-DEDF-7C5F787F9086} = {BD3D7EB0-D1D3-96B5-DEDF-7C5F787F9086}
	EndProjectSection
EndProject
Global
	GlobalSection(SolutionConfigurationPlatforms) = preSolution
		Debug|Win32 = Debug|Win32
		Release|Win32 = Release|Win32
	EndGlobalSection
	GlobalSection(ProjectConfigurationPlatforms) = postSolution
		{BD3D7EB0-D1D3-96B5-DEDF-7C5F787F9086}.Debug|Win32.ActiveCfg = Debug|Win32
		{BD3D7EB0-D1D3-96B5-DEDF-7C5F787F9086}.Debug|Win32.Build.0 = Debug|Win32
		{BD3D7EB0-D1D3-96B5-DEDF-7C5F787F9086}.Release|Win32.ActiveCfg = Release|Win32
		{BD3D7EB0-D1D3-96B5-DEDF-7C5F787F9086}.Release|Win32.Build.0 = Release|Win32
		{6E1EC221-EC87-C762-E6B1-12E59A9B88F3}.Debug|Win32.ActiveCfg = Debug|Win32
		{6E1EC221-EC87-C762-E6B1-12E59A9B88F3}.Debug|Win32.Build.0 = Debug|Win32
		{6E1EC221-EC87-C762-E6B1-12E59A9B88F3}.Release|Win32.ActiveCfg = Release|Win32
		{6E1EC221-EC87-C762-E6B1-12E59A9B88F3}.Release|Win32.Build.0 = Release|Win32
	EndGlobalSection
	GlobalSection(SolutionProperties) = preSolution
		HideSolutionNode = FALSE
	EndGlobalSection
EndGlobal
